
Microsoft Visual Studio Solution File, Format Version 12.00
# Visual Studio 2012
Project("{FAE04EC0-301F-11D3-BF4B-00C04F79EFBC}") = "Azure1", "Azure1\Azure1.csproj", "{845B6A10-D3E3-47B7-B33B-8978DEA10A97}"
EndProject
Project("{FAE04EC0-301F-11D3-BF4B-00C04F79EFBC}") = "BlobSample1", "BlobSample1\BlobSample1.csproj", "{B1699EA5-5BE3-448C-B396-64252F870D27}"
EndProject
Project("{FAE04EC0-301F-11D3-BF4B-00C04F79EFBC}") = "AzureTables", "AzureTables\AzureTables.csproj", "{393A4314-707D-4381-8A24-E04B8B6396D3}"
EndProject
Project("{FAE04EC0-301F-11D3-BF4B-00C04F79EFBC}") = "AzureStorageQueue", "AzureStorageQueue\AzureStorageQueue.csproj", "{194FB60A-0D4B-4A41-8D15-53D1105CB718}"
EndProject
Project("{FAE04EC0-301F-11D3-BF4B-00C04F79EFBC}") = "SAS", "SAS\SAS.csproj", "{CF58F0BC-140E-4FCB-93C7-3D9AF823F292}"
EndProject
Project("{FAE04EC0-301F-11D3-BF4B-00C04F79EFBC}") = "Azure.DocumentDb.Sample", "Azure.DocumentDb.Sample\Azure.DocumentDb.Sample.csproj", "{49AF72A1-874C-4ED6-8C5D-2558400F1E4D}"
EndProject
Project("{FAE04EC0-301F-11D3-BF4B-00C04F79EFBC}") = "Azure.GraphDB", "Azure.GraphDB\Azure.GraphDB.csproj", "{1F85461F-06CE-4E9A-ACC4-864B3A1ED325}"
EndProject
Project("{FAE04EC0-301F-11D3-BF4B-00C04F79EFBC}") = "Redis.Cache.WebApplication", "Redis.Cache.WebApplication\Redis.Cache.WebApplication.csproj", "{282079BD-2705-4C7C-98AF-82410B92BD02}"
EndProject
Project("{FAE04EC0-301F-11D3-BF4B-00C04F79EFBC}") = "Azure.Search.Sample", "Azure.Search.Sample\Azure.Search.Sample.csproj", "{4707F31A-3022-4502-BC1A-58052DC4D351}"
EndProject
Global
	GlobalSection(SolutionConfigurationPlatforms) = preSolution
		Debug|Any CPU = Debug|Any CPU
		Release|Any CPU = Release|Any CPU
	EndGlobalSection
	GlobalSection(ProjectConfigurationPlatforms) = postSolution
		{845B6A10-D3E3-47B7-B33B-8978DEA10A97}.Debug|Any CPU.ActiveCfg = Debug|Any CPU
		{845B6A10-D3E3-47B7-B33B-8978DEA10A97}.Debug|Any CPU.Build.0 = Debug|Any CPU
		{845B6A10-D3E3-47B7-B33B-8978DEA10A97}.Release|Any CPU.ActiveCfg = Release|Any CPU
		{845B6A10-D3E3-47B7-B33B-8978DEA10A97}.Release|Any CPU.Build.0 = Release|Any CPU
		{B1699EA5-5BE3-448C-B396-64252F870D27}.Debug|Any CPU.ActiveCfg = Debug|Any CPU
		{B1699EA5-5BE3-448C-B396-64252F870D27}.Debug|Any CPU.Build.0 = Debug|Any CPU
		{B1699EA5-5BE3-448C-B396-64252F870D27}.Release|Any CPU.ActiveCfg = Release|Any CPU
		{B1699EA5-5BE3-448C-B396-64252F870D27}.Release|Any CPU.Build.0 = Release|Any CPU
		{393A4314-707D-4381-8A24-E04B8B6396D3}.Debug|Any CPU.ActiveCfg = Debug|Any CPU
		{393A4314-707D-4381-8A24-E04B8B6396D3}.Debug|Any CPU.Build.0 = Debug|Any CPU
		{393A4314-707D-4381-8A24-E04B8B6396D3}.Release|Any CPU.ActiveCfg = Release|Any CPU
		{393A4314-707D-4381-8A24-E04B8B6396D3}.Release|Any CPU.Build.0 = Release|Any CPU
		{194FB60A-0D4B-4A41-8D15-53D1105CB718}.Debug|Any CPU.ActiveCfg = Debug|Any CPU
		{194FB60A-0D4B-4A41-8D15-53D1105CB718}.Debug|Any CPU.Build.0 = Debug|Any CPU
		{194FB60A-0D4B-4A41-8D15-53D1105CB718}.Release|Any CPU.ActiveCfg = Release|Any CPU
		{194FB60A-0D4B-4A41-8D15-53D1105CB718}.Release|Any CPU.Build.0 = Release|Any CPU
		{CF58F0BC-140E-4FCB-93C7-3D9AF823F292}.Debug|Any CPU.ActiveCfg = Debug|Any CPU
		{CF58F0BC-140E-4FCB-93C7-3D9AF823F292}.Debug|Any CPU.Build.0 = Debug|Any CPU
		{CF58F0BC-140E-4FCB-93C7-3D9AF823F292}.Release|Any CPU.ActiveCfg = Release|Any CPU
		{CF58F0BC-140E-4FCB-93C7-3D9AF823F292}.Release|Any CPU.Build.0 = Release|Any CPU
		{49AF72A1-874C-4ED6-8C5D-2558400F1E4D}.Debug|Any CPU.ActiveCfg = Debug|Any CPU
		{49AF72A1-874C-4ED6-8C5D-2558400F1E4D}.Debug|Any CPU.Build.0 = Debug|Any CPU
		{49AF72A1-874C-4ED6-8C5D-2558400F1E4D}.Release|Any CPU.ActiveCfg = Release|Any CPU
		{49AF72A1-874C-4ED6-8C5D-2558400F1E4D}.Release|Any CPU.Build.0 = Release|Any CPU
		{1F85461F-06CE-4E9A-ACC4-864B3A1ED325}.Debug|Any CPU.ActiveCfg = Debug|Any CPU
		{1F85461F-06CE-4E9A-ACC4-864B3A1ED325}.Debug|Any CPU.Build.0 = Debug|Any CPU
		{1F85461F-06CE-4E9A-ACC4-864B3A1ED325}.Release|Any CPU.ActiveCfg = Release|Any CPU
		{1F85461F-06CE-4E9A-ACC4-864B3A1ED325}.Release|Any CPU.Build.0 = Release|Any CPU
		{282079BD-2705-4C7C-98AF-82410B92BD02}.Debug|Any CPU.ActiveCfg = Debug|Any CPU
		{282079BD-2705-4C7C-98AF-82410B92BD02}.Debug|Any CPU.Build.0 = Debug|Any CPU
		{282079BD-2705-4C7C-98AF-82410B92BD02}.Release|Any CPU.ActiveCfg = Release|Any CPU
		{282079BD-2705-4C7C-98AF-82410B92BD02}.Release|Any CPU.Build.0 = Release|Any CPU
		{4707F31A-3022-4502-BC1A-58052DC4D351}.Debug|Any CPU.ActiveCfg = Debug|Any CPU
		{4707F31A-3022-4502-BC1A-58052DC4D351}.Debug|Any CPU.Build.0 = Debug|Any CPU
		{4707F31A-3022-4502-BC1A-58052DC4D351}.Release|Any CPU.ActiveCfg = Release|Any CPU
		{4707F31A-3022-4502-BC1A-58052DC4D351}.Release|Any CPU.Build.0 = Release|Any CPU
	EndGlobalSection
EndGlobal
